// !$*UTF8*$!
{
	archiveVersion = 1;
	classes = {
	};
	objectVersion = 50;
	objects = {

/* Begin PBXFileReference section */
		1325CEF52689EDCB004A3F4C /* Tweak.h */ = {isa = PBXFileReference; lastKnownFileType = sourcecode.c.h; path = Tweak.h; sourceTree = "<group>"; };
		13A948902685600D00BF9F06 /* Makefile */ = {isa = PBXFileReference; fileEncoding = 4; lastKnownFileType = sourcecode.make; path = Makefile; sourceTree = "<group>"; };
		13A948922685600D00BF9F06 /* SMSReceiver.plist */ = {isa = PBXFileReference; lastKnownFileType = text.plist; path = SMSReceiver.plist; sourceTree = "<group>"; };
		13A948962685600D00BF9F06 /* control */ = {isa = PBXFileReference; fileEncoding = 4; lastKnownFileType = text; path = control; sourceTree = "<group>"; };
		13A9489C268564A800BF9F06 /* Tweak.x */ = {isa = PBXFileReference; explicitFileType = sourcecode.c.objc; fileEncoding = 4; path = Tweak.x; sourceTree = "<group>"; };
		13FF52D626A5716D00032303 /* Makefile */ = {isa = PBXFileReference; lastKnownFileType = sourcecode.make; path = Makefile; sourceTree = "<group>"; };
		13FF52D826A5716D00032303 /* icon.png */ = {isa = PBXFileReference; lastKnownFileType = image.png; path = icon.png; sourceTree = "<group>"; };
		13FF52D926A5716D00032303 /* icon@2x.png */ = {isa = PBXFileReference; lastKnownFileType = image.png; path = "icon@2x.png"; sourceTree = "<group>"; };
		13FF52DA26A5716D00032303 /* icon@3x.png */ = {isa = PBXFileReference; lastKnownFileType = image.png; path = "icon@3x.png"; sourceTree = "<group>"; };
		13FF52DB26A5716D00032303 /* Root.plist */ = {isa = PBXFileReference; lastKnownFileType = text.plist.xml; path = Root.plist; sourceTree = "<group>"; };
		13FF52DC26A5716D00032303 /* Info.plist */ = {isa = PBXFileReference; lastKnownFileType = text.plist.xml; path = Info.plist; sourceTree = "<group>"; };
		13FF52DD26A5716D00032303 /* SMSRootListController.m */ = {isa = PBXFileReference; lastKnownFileType = sourcecode.c.objc; path = SMSRootListController.m; sourceTree = "<group>"; };
		13FF52DE26A5716D00032303 /* entry.plist */ = {isa = PBXFileReference; lastKnownFileType = text.plist; path = entry.plist; sourceTree = "<group>"; };
		13FF52DF26A5716D00032303 /* SMSRootListController.h */ = {isa = PBXFileReference; lastKnownFileType = sourcecode.c.h; path = SMSRootListController.h; sourceTree = "<group>"; };
/* End PBXFileReference section */

/* Begin PBXGroup section */
		13A9485226855F7400BF9F06 = {
			isa = PBXGroup;
			children = (
				13A9488F2685600D00BF9F06 /* SMSReceiver */,
			);
			sourceTree = "<group>";
		};
		13A9488F2685600D00BF9F06 /* SMSReceiver */ = {
			isa = PBXGroup;
			children = (
				13A948902685600D00BF9F06 /* Makefile */,
				13A948962685600D00BF9F06 /* control */,
				13A948922685600D00BF9F06 /* SMSReceiver.plist */,
				1325CEF52689EDCB004A3F4C /* Tweak.h */,
				13A9489C268564A800BF9F06 /* Tweak.x */,
				13FF52D526A5716D00032303 /* smsreceiverprefs */,
			);
			path = SMSReceiver;
			sourceTree = "<group>";
		};
		13FF52D526A5716D00032303 /* smsreceiverprefs */ = {
			isa = PBXGroup;
			children = (
				13FF52D626A5716D00032303 /* Makefile */,
				13FF52DE26A5716D00032303 /* entry.plist */,
				13FF52DF26A5716D00032303 /* SMSRootListController.h */,
				13FF52DD26A5716D00032303 /* SMSRootListController.m */,
				13FF52D726A5716D00032303 /* Resources */,
			);
			path = smsreceiverprefs;
			sourceTree = "<group>";
		};
		13FF52D726A5716D00032303 /* Resources */ = {
			isa = PBXGroup;
			children = (
				13FF52D826A5716D00032303 /* icon.png */,
				13FF52D926A5716D00032303 /* icon@2x.png */,
				13FF52DA26A5716D00032303 /* icon@3x.png */,
				13FF52DB26A5716D00032303 /* Root.plist */,
				13FF52DC26A5716D00032303 /* Info.plist */,
			);
			path = Resources;
			sourceTree = "<group>";
		};
/* End PBXGroup section */

/* Begin PBXLegacyTarget section */
		13A9485726855F7400BF9F06 /* SMSReceiver */ = {
			isa = PBXLegacyTarget;
			buildArgumentsString = "$(ACTION)";
			buildConfigurationList = 13A9485A26855F7400BF9F06 /* Build configuration list for PBXLegacyTarget "SMSReceiver" */;
			buildPhases = (
			);
			buildToolPath = /usr/bin/make;
			buildWorkingDirectory = "$(SRCROOT)/SMSReceiver";
			dependencies = (
			);
			name = SMSReceiver;
			passBuildSettingsInEnvironment = 1;
			productName = SampleTweak;
		};
/* End PBXLegacyTarget section */

/* Begin PBXProject section */
		13A9485326855F7400BF9F06 /* Project object */ = {
			isa = PBXProject;
			attributes = {
				LastUpgradeCheck = 1240;
				TargetAttributes = {
					13A9485726855F7400BF9F06 = {
						CreatedOnToolsVersion = 12.4;
					};
				};
			};
			buildConfigurationList = 13A9485626855F7400BF9F06 /* Build configuration list for PBXProject "SMSReceiver" */;
			compatibilityVersion = "Xcode 9.3";
			developmentRegion = en;
			hasScannedForEncodings = 0;
			knownRegions = (
				en,
				Base,
			);
			mainGroup = 13A9485226855F7400BF9F06;
			projectDirPath = "";
			projectRoot = "";
			targets = (
				13A9485726855F7400BF9F06 /* SMSReceiver */,
			);
		};
/* End PBXProject section */

/* Begin XCBuildConfiguration section */
		13A9485826855F7400BF9F06 /* Debug */ = {
			isa = XCBuildConfiguration;
			buildSettings = {
				ALWAYS_SEARCH_USER_PATHS = NO;
				CLANG_ANALYZER_NONNULL = YES;
				CLANG_ANALYZER_NUMBER_OBJECT_CONVERSION = YES_AGGRESSIVE;
				CLANG_CXX_LANGUAGE_STANDARD = "gnu++14";
				CLANG_CXX_LIBRARY = "libc++";
				CLANG_ENABLE_MODULES = YES;
				CLANG_ENABLE_OBJC_ARC = YES;
				CLANG_ENABLE_OBJC_WEAK = YES;
				CLANG_WARN_BLOCK_CAPTURE_AUTORELEASING = YES;
				CLANG_WARN_BOOL_CONVERSION = YES;
				CLANG_WARN_COMMA = YES;
				CLANG_WARN_CONSTANT_CONVERSION = YES;
				CLANG_WARN_DEPRECATED_OBJC_IMPLEMENTATIONS = YES;
				CLANG_WARN_DIRECT_OBJC_ISA_USAGE = YES_ERROR;
				CLANG_WARN_DOCUMENTATION_COMMENTS = YES;
				CLANG_WARN_EMPTY_BODY = YES;
				CLANG_WARN_ENUM_CONVERSION = YES;
				CLANG_WARN_INFINITE_RECURSION = YES;
				CLANG_WARN_INT_CONVERSION = YES;
				CLANG_WARN_NON_LITERAL_NULL_CONVERSION = YES;
				CLANG_WARN_OBJC_IMPLICIT_RETAIN_SELF = YES;
				CLANG_WARN_OBJC_LITERAL_CONVERSION = YES;
				CLANG_WARN_OBJC_ROOT_CLASS = YES_ERROR;
				CLANG_WARN_QUOTED_INCLUDE_IN_FRAMEWORK_HEADER = YES;
				CLANG_WARN_RANGE_LOOP_ANALYSIS = YES;
				CLANG_WARN_STRICT_PROTOTYPES = YES;
				CLANG_WARN_SUSPICIOUS_MOVE = YES;
				CLANG_WARN_UNGUARDED_AVAILABILITY = YES_AGGRESSIVE;
				CLANG_WARN_UNREACHABLE_CODE = YES;
				CLANG_WARN__DUPLICATE_METHOD_MATCH = YES;
				COPY_PHASE_STRIP = NO;
				DEBUG_INFORMATION_FORMAT = dwarf;
				ENABLE_STRICT_OBJC_MSGSEND = YES;
				ENABLE_TESTABILITY = YES;
				GCC_C_LANGUAGE_STANDARD = gnu11;
				GCC_DYNAMIC_NO_PIC = NO;
				GCC_NO_COMMON_BLOCKS = YES;
				GCC_OPTIMIZATION_LEVEL = 0;
				GCC_PREPROCESSOR_DEFINITIONS = (
					"DEBUG=1",
					"$(inherited)",
				);
				GCC_WARN_64_TO_32_BIT_CONVERSION = YES;
				GCC_WARN_ABOUT_RETURN_TYPE = YES_ERROR;
				GCC_WARN_UNDECLARED_SELECTOR = YES;
				GCC_WARN_UNINITIALIZED_AUTOS = YES_AGGRESSIVE;
				GCC_WARN_UNUSED_FUNCTION = YES;
				GCC_WARN_UNUSED_VARIABLE = YES;
				MTL_ENABLE_DEBUG_INFO = INCLUDE_SOURCE;
				MTL_FAST_MATH = YES;
				ONLY_ACTIVE_ARCH = YES;
			};
			name = Debug;
		};
		13A9485926855F7400BF9F06 /* Release */ = {
			isa = XCBuildConfiguration;
			buildSettings = {
				ALWAYS_SEARCH_USER_PATHS = NO;
				CLANG_ANALYZER_NONNULL = YES;
				CLANG_ANALYZER_NUMBER_OBJECT_CONVERSION = YES_AGGRESSIVE;
				CLANG_CXX_LANGUAGE_STANDARD = "gnu++14";
				CLANG_CXX_LIBRARY = "libc++";
				CLANG_ENABLE_MODULES = YES;
				CLANG_ENABLE_OBJC_ARC = YES;
				CLANG_ENABLE_OBJC_WEAK = YES;
				CLANG_WARN_BLOCK_CAPTURE_AUTORELEASING = YES;
				CLANG_WARN_BOOL_CONVERSION = YES;
				CLANG_WARN_COMMA = YES;
				CLANG_WARN_CONSTANT_CONVERSION = YES;
				CLANG_WARN_DEPRECATED_OBJC_IMPLEMENTATIONS = YES;
				CLANG_WARN_DIRECT_OBJC_ISA_USAGE = YES_ERROR;
				CLANG_WARN_DOCUMENTATION_COMMENTS = YES;
				CLANG_WARN_EMPTY_BODY = YES;
				CLANG_WARN_ENUM_CONVERSION = YES;
				CLANG_WARN_INFINITE_RECURSION = YES;
				CLANG_WARN_INT_CONVERSION = YES;
				CLANG_WARN_NON_LITERAL_NULL_CONVERSION = YES;
				CLANG_WARN_OBJC_IMPLICIT_RETAIN_SELF = YES;
				CLANG_WARN_OBJC_LITERAL_CONVERSION = YES;
				CLANG_WARN_OBJC_ROOT_CLASS = YES_ERROR;
				CLANG_WARN_QUOTED_INCLUDE_IN_FRAMEWORK_HEADER = YES;
				CLANG_WARN_RANGE_LOOP_ANALYSIS = YES;
				CLANG_WARN_STRICT_PROTOTYPES = YES;
				CLANG_WARN_SUSPICIOUS_MOVE = YES;
				CLANG_WARN_UNGUARDED_AVAILABILITY = YES_AGGRESSIVE;
				CLANG_WARN_UNREACHABLE_CODE = YES;
				CLANG_WARN__DUPLICATE_METHOD_MATCH = YES;
				COPY_PHASE_STRIP = NO;
				DEBUG_INFORMATION_FORMAT = "dwarf-with-dsym";
				ENABLE_NS_ASSERTIONS = NO;
				ENABLE_STRICT_OBJC_MSGSEND = YES;
				GCC_C_LANGUAGE_STANDARD = gnu11;
				GCC_NO_COMMON_BLOCKS = YES;
				GCC_WARN_64_TO_32_BIT_CONVERSION = YES;
				GCC_WARN_ABOUT_RETURN_TYPE = YES_ERROR;
				GCC_WARN_UNDECLARED_SELECTOR = YES;
				GCC_WARN_UNINITIALIZED_AUTOS = YES_AGGRESSIVE;
				GCC_WARN_UNUSED_FUNCTION = YES;
				GCC_WARN_UNUSED_VARIABLE = YES;
				MTL_ENABLE_DEBUG_INFO = NO;
				MTL_FAST_MATH = YES;
			};
			name = Release;
		};
		13A9485B26855F7400BF9F06 /* Debug */ = {
			isa = XCBuildConfiguration;
			buildSettings = {
				CODE_SIGN_STYLE = Automatic;
				DEBUGGING_SYMBOLS = YES;
				DEBUG_INFORMATION_FORMAT = dwarf;
				GCC_GENERATE_DEBUGGING_SYMBOLS = YES;
				GCC_OPTIMIZATION_LEVEL = 0;
				OTHER_CFLAGS = "";
				OTHER_LDFLAGS = "";
				PRODUCT_NAME = "$(TARGET_NAME)";
				THEOS = "~/.theos";
			};
			name = Debug;
		};
		13A9485C26855F7400BF9F06 /* Release */ = {
			isa = XCBuildConfiguration;
			buildSettings = {
				CODE_SIGN_STYLE = Automatic;
				DEBUG_INFORMATION_FORMAT = "dwarf-with-dsym";
				OTHER_CFLAGS = "";
				OTHER_LDFLAGS = "";
				PRODUCT_NAME = "$(TARGET_NAME)";
				THEOS = "~/.theos";
			};
			name = Release;
		};
/* End XCBuildConfiguration section */

/* Begin XCConfigurationList section */
		13A9485626855F7400BF9F06 /* Build configuration list for PBXProject "SMSReceiver" */ = {
			isa = XCConfigurationList;
			buildConfigurations = (
				13A9485826855F7400BF9F06 /* Debug */,
				13A9485926855F7400BF9F06 /* Release */,
			);
			defaultConfigurationIsVisible = 0;
			defaultConfigurationName = Release;
		};
		13A9485A26855F7400BF9F06 /* Build configuration list for PBXLegacyTarget "SMSReceiver" */ = {
			isa = XCConfigurationList;
			buildConfigurations = (
				13A9485B26855F7400BF9F06 /* Debug */,
				13A9485C26855F7400BF9F06 /* Release */,
			);
			defaultConfigurationIsVisible = 0;
			defaultConfigurationName = Release;
		};
/* End XCConfigurationList section */
	};
	rootObject = 13A9485326855F7400BF9F06 /* Project object */;
}
